
Microsoft Visual Studio Solution File, Format Version 12.00
# Visual Studio Version 17
VisualStudioVersion = 17.12.35707.178
MinimumVisualStudioVersion = 10.0.40219.1
Project("{9A19103F-16F7-4668-BE54-9A1E7A4F7556}") = "AssetStudio", "AssetStudio\AssetStudio.csproj", "{422FEC21-EF60-4F29-AA56-95DFDA23C913}"
EndProject
Project("{9A19103F-16F7-4668-BE54-9A1E7A4F7556}") = "AssetStudioUtility", "AssetStudioUtility\AssetStudioUtility.csproj", "{65EAFFA3-01D3-4EF5-B092-8B4647E9A1FF}"
EndProject
Project("{FAE04EC0-301F-11D3-BF4B-00C04F79EFBC}") = "main", "main\main.csproj", "{6DAA9536-DD8E-4068-BACF-CAB7F7C39BB5}"
	ProjectSection(ProjectDependencies) = postProject
		{422FEC21-EF60-4F29-AA56-95DFDA23C913} = {422FEC21-EF60-4F29-AA56-95DFDA23C913}
		{65EAFFA3-01D3-4EF5-B092-8B4647E9A1FF} = {65EAFFA3-01D3-4EF5-B092-8B4647E9A1FF}
	EndProjectSection
EndProject
Project("{FAE04EC0-301F-11D3-BF4B-00C04F79EFBC}") = "Texture2DDecoderWrapper", "Texture2DDecoderWrapper\Texture2DDecoderWrapper.csproj", "{FC900344-D571-4BCF-BA5D-F94338A3A8BE}"
EndProject
Project("{FAE04EC0-301F-11D3-BF4B-00C04F79EFBC}") = "AssetStudioFBXWrapper", "AssetStudioFBXWrapper\AssetStudioFBXWrapper.csproj", "{1A550B7D-8EA8-4053-A4D2-A8F663EC90D0}"
EndProject
Project("{FAE04EC0-301F-11D3-BF4B-00C04F79EFBC}") = "AssetStudio.PInvoke", "AssetStudio.PInvoke\AssetStudio.PInvoke.csproj", "{5DA1C80E-3503-4DF7-AF76-CFF3CD9CFCD6}"
EndProject
Global
	GlobalSection(SolutionConfigurationPlatforms) = preSolution
		Debug|Any CPU = Debug|Any CPU
		Debug|x64 = Debug|x64
		Debug|x86 = Debug|x86
		Release|Any CPU = Release|Any CPU
		Release|x64 = Release|x64
		Release|x86 = Release|x86
	EndGlobalSection
	GlobalSection(ProjectConfigurationPlatforms) = postSolution
		{422FEC21-EF60-4F29-AA56-95DFDA23C913}.Debug|Any CPU.ActiveCfg = Debug|Any CPU
		{422FEC21-EF60-4F29-AA56-95DFDA23C913}.Debug|Any CPU.Build.0 = Debug|Any CPU
		{422FEC21-EF60-4F29-AA56-95DFDA23C913}.Debug|x64.ActiveCfg = Debug|Any CPU
		{422FEC21-EF60-4F29-AA56-95DFDA23C913}.Debug|x64.Build.0 = Debug|Any CPU
		{422FEC21-EF60-4F29-AA56-95DFDA23C913}.Debug|x86.ActiveCfg = Debug|Any CPU
		{422FEC21-EF60-4F29-AA56-95DFDA23C913}.Debug|x86.Build.0 = Debug|Any CPU
		{422FEC21-EF60-4F29-AA56-95DFDA23C913}.Release|Any CPU.ActiveCfg = Release|Any CPU
		{422FEC21-EF60-4F29-AA56-95DFDA23C913}.Release|Any CPU.Build.0 = Release|Any CPU
		{422FEC21-EF60-4F29-AA56-95DFDA23C913}.Release|x64.ActiveCfg = Release|Any CPU
		{422FEC21-EF60-4F29-AA56-95DFDA23C913}.Release|x64.Build.0 = Release|Any CPU
		{422FEC21-EF60-4F29-AA56-95DFDA23C913}.Release|x86.ActiveCfg = Release|Any CPU
		{422FEC21-EF60-4F29-AA56-95DFDA23C913}.Release|x86.Build.0 = Release|Any CPU
		{65EAFFA3-01D3-4EF5-B092-8B4647E9A1FF}.Debug|Any CPU.ActiveCfg = Debug|Any CPU
		{65EAFFA3-01D3-4EF5-B092-8B4647E9A1FF}.Debug|Any CPU.Build.0 = Debug|Any CPU
		{65EAFFA3-01D3-4EF5-B092-8B4647E9A1FF}.Debug|x64.ActiveCfg = Debug|Any CPU
		{65EAFFA3-01D3-4EF5-B092-8B4647E9A1FF}.Debug|x64.Build.0 = Debug|Any CPU
		{65EAFFA3-01D3-4EF5-B092-8B4647E9A1FF}.Debug|x86.ActiveCfg = Debug|Any CPU
		{65EAFFA3-01D3-4EF5-B092-8B4647E9A1FF}.Debug|x86.Build.0 = Debug|Any CPU
		{65EAFFA3-01D3-4EF5-B092-8B4647E9A1FF}.Release|Any CPU.ActiveCfg = Release|Any CPU
		{65EAFFA3-01D3-4EF5-B092-8B4647E9A1FF}.Release|Any CPU.Build.0 = Release|Any CPU
		{65EAFFA3-01D3-4EF5-B092-8B4647E9A1FF}.Release|x64.ActiveCfg = Release|Any CPU
		{65EAFFA3-01D3-4EF5-B092-8B4647E9A1FF}.Release|x64.Build.0 = Release|Any CPU
		{65EAFFA3-01D3-4EF5-B092-8B4647E9A1FF}.Release|x86.ActiveCfg = Release|Any CPU
		{65EAFFA3-01D3-4EF5-B092-8B4647E9A1FF}.Release|x86.Build.0 = Release|Any CPU
		{6DAA9536-DD8E-4068-BACF-CAB7F7C39BB5}.Debug|Any CPU.ActiveCfg = Debug|Any CPU
		{6DAA9536-DD8E-4068-BACF-CAB7F7C39BB5}.Debug|Any CPU.Build.0 = Debug|Any CPU
		{6DAA9536-DD8E-4068-BACF-CAB7F7C39BB5}.Debug|x64.ActiveCfg = Debug|Any CPU
		{6DAA9536-DD8E-4068-BACF-CAB7F7C39BB5}.Debug|x64.Build.0 = Debug|Any CPU
		{6DAA9536-DD8E-4068-BACF-CAB7F7C39BB5}.Debug|x86.ActiveCfg = Debug|Any CPU
		{6DAA9536-DD8E-4068-BACF-CAB7F7C39BB5}.Debug|x86.Build.0 = Debug|Any CPU
		{6DAA9536-DD8E-4068-BACF-CAB7F7C39BB5}.Release|Any CPU.ActiveCfg = Release|Any CPU
		{6DAA9536-DD8E-4068-BACF-CAB7F7C39BB5}.Release|Any CPU.Build.0 = Release|Any CPU
		{6DAA9536-DD8E-4068-BACF-CAB7F7C39BB5}.Release|x64.ActiveCfg = Release|Any CPU
		{6DAA9536-DD8E-4068-BACF-CAB7F7C39BB5}.Release|x64.Build.0 = Release|Any CPU
		{6DAA9536-DD8E-4068-BACF-CAB7F7C39BB5}.Release|x86.ActiveCfg = Release|Any CPU
		{6DAA9536-DD8E-4068-BACF-CAB7F7C39BB5}.Release|x86.Build.0 = Release|Any CPU
		{FC900344-D571-4BCF-BA5D-F94338A3A8BE}.Debug|Any CPU.ActiveCfg = Debug|Any CPU
		{FC900344-D571-4BCF-BA5D-F94338A3A8BE}.Debug|Any CPU.Build.0 = Debug|Any CPU
		{FC900344-D571-4BCF-BA5D-F94338A3A8BE}.Debug|x64.ActiveCfg = Debug|Any CPU
		{FC900344-D571-4BCF-BA5D-F94338A3A8BE}.Debug|x64.Build.0 = Debug|Any CPU
		{FC900344-D571-4BCF-BA5D-F94338A3A8BE}.Debug|x86.ActiveCfg = Debug|Any CPU
		{FC900344-D571-4BCF-BA5D-F94338A3A8BE}.Debug|x86.Build.0 = Debug|Any CPU
		{FC900344-D571-4BCF-BA5D-F94338A3A8BE}.Release|Any CPU.ActiveCfg = Release|Any CPU
		{FC900344-D571-4BCF-BA5D-F94338A3A8BE}.Release|Any CPU.Build.0 = Release|Any CPU
		{FC900344-D571-4BCF-BA5D-F94338A3A8BE}.Release|x64.ActiveCfg = Release|Any CPU
		{FC900344-D571-4BCF-BA5D-F94338A3A8BE}.Release|x64.Build.0 = Release|Any CPU
		{FC900344-D571-4BCF-BA5D-F94338A3A8BE}.Release|x86.ActiveCfg = Release|Any CPU
		{FC900344-D571-4BCF-BA5D-F94338A3A8BE}.Release|x86.Build.0 = Release|Any CPU
		{1A550B7D-8EA8-4053-A4D2-A8F663EC90D0}.Debug|Any CPU.ActiveCfg = Debug|Any CPU
		{1A550B7D-8EA8-4053-A4D2-A8F663EC90D0}.Debug|Any CPU.Build.0 = Debug|Any CPU
		{1A550B7D-8EA8-4053-A4D2-A8F663EC90D0}.Debug|x64.ActiveCfg = Debug|Any CPU
		{1A550B7D-8EA8-4053-A4D2-A8F663EC90D0}.Debug|x64.Build.0 = Debug|Any CPU
		{1A550B7D-8EA8-4053-A4D2-A8F663EC90D0}.Debug|x86.ActiveCfg = Debug|Any CPU
		{1A550B7D-8EA8-4053-A4D2-A8F663EC90D0}.Debug|x86.Build.0 = Debug|Any CPU
		{1A550B7D-8EA8-4053-A4D2-A8F663EC90D0}.Release|Any CPU.ActiveCfg = Release|Any CPU
		{1A550B7D-8EA8-4053-A4D2-A8F663EC90D0}.Release|Any CPU.Build.0 = Release|Any CPU
		{1A550B7D-8EA8-4053-A4D2-A8F663EC90D0}.Release|x64.ActiveCfg = Release|Any CPU
		{1A550B7D-8EA8-4053-A4D2-A8F663EC90D0}.Release|x64.Build.0 = Release|Any CPU
		{1A550B7D-8EA8-4053-A4D2-A8F663EC90D0}.Release|x86.ActiveCfg = Release|Any CPU
		{1A550B7D-8EA8-4053-A4D2-A8F663EC90D0}.Release|x86.Build.0 = Release|Any CPU
		{5DA1C80E-3503-4DF7-AF76-CFF3CD9CFCD6}.Debug|Any CPU.ActiveCfg = Debug|Any CPU
		{5DA1C80E-3503-4DF7-AF76-CFF3CD9CFCD6}.Debug|Any CPU.Build.0 = Debug|Any CPU
		{5DA1C80E-3503-4DF7-AF76-CFF3CD9CFCD6}.Debug|x64.ActiveCfg = Debug|Any CPU
		{5DA1C80E-3503-4DF7-AF76-CFF3CD9CFCD6}.Debug|x64.Build.0 = Debug|Any CPU
		{5DA1C80E-3503-4DF7-AF76-CFF3CD9CFCD6}.Debug|x86.ActiveCfg = Debug|Any CPU
		{5DA1C80E-3503-4DF7-AF76-CFF3CD9CFCD6}.Debug|x86.Build.0 = Debug|Any CPU
		{5DA1C80E-3503-4DF7-AF76-CFF3CD9CFCD6}.Release|Any CPU.ActiveCfg = Release|Any CPU
		{5DA1C80E-3503-4DF7-AF76-CFF3CD9CFCD6}.Release|Any CPU.Build.0 = Release|Any CPU
		{5DA1C80E-3503-4DF7-AF76-CFF3CD9CFCD6}.Release|x64.ActiveCfg = Release|Any CPU
		{5DA1C80E-3503-4DF7-AF76-CFF3CD9CFCD6}.Release|x64.Build.0 = Release|Any CPU
		{5DA1C80E-3503-4DF7-AF76-CFF3CD9CFCD6}.Release|x86.ActiveCfg = Release|Any CPU
		{5DA1C80E-3503-4DF7-AF76-CFF3CD9CFCD6}.Release|x86.Build.0 = Release|Any CPU
	EndGlobalSection
	GlobalSection(SolutionProperties) = preSolution
		HideSolutionNode = FALSE
	EndGlobalSection
	GlobalSection(ExtensibilityGlobals) = postSolution
		SolutionGuid = {3C074481-9CDD-4780-B9F6-57BBC5092EA2}
	EndGlobalSection
EndGlobal
